
Microsoft Visual Studio Solution File, Format Version 12.00
# Visual Studio Version 16
VisualStudioVersion = 16.0.34114.132
MinimumVisualStudioVersion = 10.0.40219.1
Project("{FAE04EC0-301F-11D3-BF4B-00C04F79EFBC}") = "BranchingAsst2", "BranchingAsst2.csproj", "{B462026D-163D-4FE6-BFAC-91A8AC182AE0}"
EndProject
Global
	GlobalSection(SolutionConfigurationPlatforms) = preSolution
		Debug|Any CPU = Debug|Any CPU
		Release|Any CPU = Release|Any CPU
	EndGlobalSection
	GlobalSection(ProjectConfigurationPlatforms) = postSolution
		{B462026D-163D-4FE6-BFAC-91A8AC182AE0}.Debug|Any CPU.ActiveCfg = Debug|Any CPU
		{B462026D-163D-4FE6-BFAC-91A8AC182AE0}.Debug|Any CPU.Build.0 = Debug|Any CPU
		{B462026D-163D-4FE6-BFAC-91A8AC182AE0}.Release|Any CPU.ActiveCfg = Release|Any CPU
		{B462026D-163D-4FE6-BFAC-91A8AC182AE0}.Release|Any CPU.Build.0 = Release|Any CPU
	EndGlobalSection
	GlobalSection(SolutionProperties) = preSolution
		HideSolutionNode = FALSE
	EndGlobalSection
	GlobalSection(ExtensibilityGlobals) = postSolution
		SolutionGuid = {7014B84D-B641-418B-95AB-8DE7D19D4F15}
	EndGlobalSection
EndGlobal
